
Microsoft Visual Studio Solution File, Format Version 12.00
# Visual Studio Version 17
VisualStudioVersion = 17.5.33530.505
MinimumVisualStudioVersion = 10.0.40219.1
Project("{FAE04EC0-301F-11D3-BF4B-00C04F79EFBC}") = "TestApplication", "TestApplication\TestApplication.csproj", "{AF053E54-79B1-426F-B9DC-39F6A0C0DAC0}"
EndProject
Global
	GlobalSection(SolutionConfigurationPlatforms) = preSolution
		Debug|Any CPU = Debug|Any CPU
		Release|Any CPU = Release|Any CPU
	EndGlobalSection
	GlobalSection(ProjectConfigurationPlatforms) = postSolution
		{AF053E54-79B1-426F-B9DC-39F6A0C0DAC0}.Debug|Any CPU.ActiveCfg = Debug|Any CPU
		{AF053E54-79B1-426F-B9DC-39F6A0C0DAC0}.Debug|Any CPU.Build.0 = Debug|Any CPU
		{AF053E54-79B1-426F-B9DC-39F6A0C0DAC0}.Release|Any CPU.ActiveCfg = Release|Any CPU
		{AF053E54-79B1-426F-B9DC-39F6A0C0DAC0}.Release|Any CPU.Build.0 = Release|Any CPU
	EndGlobalSection
	GlobalSection(SolutionProperties) = preSolution
		HideSolutionNode = FALSE
	EndGlobalSection
	GlobalSection(ExtensibilityGlobals) = postSolution
		SolutionGuid = {4A17D8A6-214E-47D6-8681-218B79DEBAA8}
	EndGlobalSection
EndGlobal
