
Microsoft Visual Studio Solution File, Format Version 12.00
# Visual Studio Version 17
VisualStudioVersion = 17.5.33530.505
MinimumVisualStudioVersion = 10.0.40219.1
Project("{9A19103F-16F7-4668-BE54-9A1E7A4F7556}") = "DemoApplication1", "DemoApplication1\DemoApplication1.csproj", "{66D7C3ED-277B-4926-90E3-903A4233B93A}"
EndProject
Project("{FAE04EC0-301F-11D3-BF4B-00C04F79EFBC}") = "TestApplication2", "TestApplication2\TestApplication2.csproj", "{515018BF-19EA-4C14-A45C-3139EB69001D}"
EndProject
Global
	GlobalSection(SolutionConfigurationPlatforms) = preSolution
		Debug|Any CPU = Debug|Any CPU
		Release|Any CPU = Release|Any CPU
	EndGlobalSection
	GlobalSection(ProjectConfigurationPlatforms) = postSolution
		{66D7C3ED-277B-4926-90E3-903A4233B93A}.Debug|Any CPU.ActiveCfg = Debug|Any CPU
		{66D7C3ED-277B-4926-90E3-903A4233B93A}.Debug|Any CPU.Build.0 = Debug|Any CPU
		{66D7C3ED-277B-4926-90E3-903A4233B93A}.Release|Any CPU.ActiveCfg = Release|Any CPU
		{66D7C3ED-277B-4926-90E3-903A4233B93A}.Release|Any CPU.Build.0 = Release|Any CPU
		{515018BF-19EA-4C14-A45C-3139EB69001D}.Debug|Any CPU.ActiveCfg = Debug|Any CPU
		{515018BF-19EA-4C14-A45C-3139EB69001D}.Debug|Any CPU.Build.0 = Debug|Any CPU
		{515018BF-19EA-4C14-A45C-3139EB69001D}.Release|Any CPU.ActiveCfg = Release|Any CPU
		{515018BF-19EA-4C14-A45C-3139EB69001D}.Release|Any CPU.Build.0 = Release|Any CPU
	EndGlobalSection
	GlobalSection(SolutionProperties) = preSolution
		HideSolutionNode = FALSE
	EndGlobalSection
	GlobalSection(ExtensibilityGlobals) = postSolution
		SolutionGuid = {4A17D8A6-214E-47D6-8681-218B79DEBAA8}
	EndGlobalSection
EndGlobal
